
Microsoft Visual Studio Solution File, Format Version 12.00
# Visual Studio 15
VisualStudioVersion = 15.0.27130.0
MinimumVisualStudioVersion = 10.0.40219.1
Project("{FAE04EC0-301F-11D3-BF4B-00C04F79EFBC}") = "OkaneHoshii", "OkaneHoshii\OkaneHoshii.csproj", "{1F2A9F12-5ACF-4912-A8AF-182365183376}"
EndProject
Global
	GlobalSection(SolutionConfigurationPlatforms) = preSolution
		Debug|Any CPU = Debug|Any CPU
		Release|Any CPU = Release|Any CPU
	EndGlobalSection
	GlobalSection(ProjectConfigurationPlatforms) = postSolution
		{1F2A9F12-5ACF-4912-A8AF-182365183376}.Debug|Any CPU.ActiveCfg = Debug|Any CPU
		{1F2A9F12-5ACF-4912-A8AF-182365183376}.Debug|Any CPU.Build.0 = Debug|Any CPU
		{1F2A9F12-5ACF-4912-A8AF-182365183376}.Release|Any CPU.ActiveCfg = Release|Any CPU
		{1F2A9F12-5ACF-4912-A8AF-182365183376}.Release|Any CPU.Build.0 = Release|Any CPU
	EndGlobalSection
	GlobalSection(SolutionProperties) = preSolution
		HideSolutionNode = FALSE
	EndGlobalSection
	GlobalSection(ExtensibilityGlobals) = postSolution
		SolutionGuid = {3ED2C1C2-FC81-48D4-950E-2300B4BD0F3C}
	EndGlobalSection
EndGlobal
